{
    "_meta": {
        "hash": {
            "sha256": "3a129dae5ba848966a26852e400a45f4ea4e5962d558baf811e395a4b8c56790"
        },
        "pipfile-spec": 6,
        "requires": {
            "python_version": "3.7"
        },
        "sources": [
            {
                "name": "pypi",
                "url": "https://pypi.org/simple",
                "verify_ssl": true
            }
        ]
    },
    "default": {
        "graphviz": {
            "hashes": [
                "sha256:dc08677f37c65a4a480f00df4bd0d19a0a103c06aad95f21a37f0b7fd440de81",
                "sha256:df54c2e0d2c8df6aee3397eb44de186d94e2a0610f4052649bfbb26d03d56850"
            ],
            "index": "pypi",
            "version": "==0.13"
        }
    },
    "develop": {}
}
